Microsoft Visual Studio Solution File, Format Version 12.00
# Visual Studio 2012
Project("{FAE04EC0-301F-11D3-BF4B-00C04F79EFBC}") = "the-slomancer-clone", "the-slomancer-clone.csproj", "{AED856DB-6C48-488C-B4D3-A843FD54F35D}"
EndProject
Global
	GlobalSection(SolutionConfigurationPlatforms) = preSolution
	Debug|Any CPU = Debug|Any CPU
	ExportDebug|Any CPU = ExportDebug|Any CPU
	ExportRelease|Any CPU = ExportRelease|Any CPU
	EndGlobalSection
	GlobalSection(ProjectConfigurationPlatforms) = postSolution
		{AED856DB-6C48-488C-B4D3-A843FD54F35D}.Debug|Any CPU.ActiveCfg = Debug|Any CPU
		{AED856DB-6C48-488C-B4D3-A843FD54F35D}.Debug|Any CPU.Build.0 = Debug|Any CPU
		{AED856DB-6C48-488C-B4D3-A843FD54F35D}.ExportDebug|Any CPU.ActiveCfg = ExportDebug|Any CPU
		{AED856DB-6C48-488C-B4D3-A843FD54F35D}.ExportDebug|Any CPU.Build.0 = ExportDebug|Any CPU
		{AED856DB-6C48-488C-B4D3-A843FD54F35D}.ExportRelease|Any CPU.ActiveCfg = ExportRelease|Any CPU
		{AED856DB-6C48-488C-B4D3-A843FD54F35D}.ExportRelease|Any CPU.Build.0 = ExportRelease|Any CPU
	EndGlobalSection
EndGlobal
